// !$*UTF8*$!
{
	archiveVersion = 1;
	classes = {
	};
	objectVersion = 56;
	objects = {

/* Begin PBXBuildFile section */
		34C0330E2983E06B00FD95BD /* ColorFillDemoApp.swift in Sources */ = {isa = PBXBuildFile; fileRef = 34C0330D2983E06B00FD95BD /* ColorFillDemoApp.swift */; };
		34C033102983E06B00FD95BD /* ContentView.swift in Sources */ = {isa = PBXBuildFile; fileRef = 34C0330F2983E06B00FD95BD /* ContentView.swift */; };
		34C033122983E06B00FD95BD /* Assets.xcassets in Resources */ = {isa = PBXBuildFile; fileRef = 34C033112983E06B00FD95BD /* Assets.xcassets */; };
		34C033152983E06B00FD95BD /* Preview Assets.xcassets in Resources */ = {isa = PBXBuildFile; fileRef = 34C033142983E06B00FD95BD /* Preview Assets.xcassets */; };
		34C0331C2983E0CA00FD95BD /* DockView.swift in Sources */ = {isa = PBXBuildFile; fileRef = 34C0331B2983E0CA00FD95BD /* DockView.swift */; };
		34C0331F2983E1AC00FD95BD /* ColorObj.swift in Sources */ = {isa = PBXBuildFile; fileRef = 34C0331E2983E1AC00FD95BD /* ColorObj.swift */; };
		34C033222983E32C00FD95BD /* DockViewModel.swift in Sources */ = {isa = PBXBuildFile; fileRef = 34C033212983E32C00FD95BD /* DockViewModel.swift */; };
/* End PBXBuildFile section */

/* Begin PBXFileReference section */
		34C0330A2983E06B00FD95BD /* ColorFillDemo.app */ = {isa = PBXFileReference; explicitFileType = wrapper.application; includeInIndex = 0; path = ColorFillDemo.app; sourceTree = BUILT_PRODUCTS_DIR; };
		34C0330D2983E06B00FD95BD /* ColorFillDemoApp.swift */ = {isa = PBXFileReference; lastKnownFileType = sourcecode.swift; path = ColorFillDemoApp.swift; sourceTree = "<group>"; };
		34C0330F2983E06B00FD95BD /* ContentView.swift */ = {isa = PBXFileReference; lastKnownFileType = sourcecode.swift; path = ContentView.swift; sourceTree = "<group>"; };
		34C033112983E06B00FD95BD /* Assets.xcassets */ = {isa = PBXFileReference; lastKnownFileType = folder.assetcatalog; path = Assets.xcassets; sourceTree = "<group>"; };
		34C033142983E06B00FD95BD /* Preview Assets.xcassets */ = {isa = PBXFileReference; lastKnownFileType = folder.assetcatalog; path = "Preview Assets.xcassets"; sourceTree = "<group>"; };
		34C0331B2983E0CA00FD95BD /* DockView.swift */ = {isa = PBXFileReference; lastKnownFileType = sourcecode.swift; path = DockView.swift; sourceTree = "<group>"; };
		34C0331E2983E1AC00FD95BD /* ColorObj.swift */ = {isa = PBXFileReference; lastKnownFileType = sourcecode.swift; path = ColorObj.swift; sourceTree = "<group>"; };
		34C033212983E32C00FD95BD /* DockViewModel.swift */ = {isa = PBXFileReference; lastKnownFileType = sourcecode.swift; path = DockViewModel.swift; sourceTree = "<group>"; };
/* End PBXFileReference section */

/* Begin PBXFrameworksBuildPhase section */
		34C033072983E06B00FD95BD /* Frameworks */ = {
			isa = PBXFrameworksBuildPhase;
			buildActionMask = 2147483647;
			files = (
			);
			runOnlyForDeploymentPostprocessing = 0;
		};
/* End PBXFrameworksBuildPhase section */

/* Begin PBXGroup section */
		34B7A093298523D60048487D /* View */ = {
			isa = PBXGroup;
			children = (
				34C0330F2983E06B00FD95BD /* ContentView.swift */,
				34C0331B2983E0CA00FD95BD /* DockView.swift */,
			);
			path = View;
			sourceTree = "<group>";
		};
		34C033012983E06B00FD95BD = {
			isa = PBXGroup;
			children = (
				34C0330C2983E06B00FD95BD /* ColorFillDemo */,
				34C0330B2983E06B00FD95BD /* Products */,
			);
			sourceTree = "<group>";
		};
		34C0330B2983E06B00FD95BD /* Products */ = {
			isa = PBXGroup;
			children = (
				34C0330A2983E06B00FD95BD /* ColorFillDemo.app */,
			);
			name = Products;
			sourceTree = "<group>";
		};
		34C0330C2983E06B00FD95BD /* ColorFillDemo */ = {
			isa = PBXGroup;
			children = (
				34C0330D2983E06B00FD95BD /* ColorFillDemoApp.swift */,
				34C0331D2983E18B00FD95BD /* Model */,
				34B7A093298523D60048487D /* View */,
				34C033202983E31C00FD95BD /* ViewModel */,
				34C033112983E06B00FD95BD /* Assets.xcassets */,
				34C033132983E06B00FD95BD /* Preview Content */,
			);
			path = ColorFillDemo;
			sourceTree = "<group>";
		};
		34C033132983E06B00FD95BD /* Preview Content */ = {
			isa = PBXGroup;
			children = (
				34C033142983E06B00FD95BD /* Preview Assets.xcassets */,
			);
			path = "Preview Content";
			sourceTree = "<group>";
		};
		34C0331D2983E18B00FD95BD /* Model */ = {
			isa = PBXGroup;
			children = (
				34C0331E2983E1AC00FD95BD /* ColorObj.swift */,
			);
			path = Model;
			sourceTree = "<group>";
		};
		34C033202983E31C00FD95BD /* ViewModel */ = {
			isa = PBXGroup;
			children = (
				34C033212983E32C00FD95BD /* DockViewModel.swift */,
			);
			path = ViewModel;
			sourceTree = "<group>";
		};
/* End PBXGroup section */

/* Begin PBXNativeTarget section */
		34C033092983E06B00FD95BD /* ColorFillDemo */ = {
			isa = PBXNativeTarget;
			buildConfigurationList = 34C033182983E06B00FD95BD /* Build configuration list for PBXNativeTarget "ColorFillDemo" */;
			buildPhases = (
				34C033062983E06B00FD95BD /* Sources */,
				34C033072983E06B00FD95BD /* Frameworks */,
				34C033082983E06B00FD95BD /* Resources */,
			);
			buildRules = (
			);
			dependencies = (
			);
			name = ColorFillDemo;
			productName = ColorFillDemo;
			productReference = 34C0330A2983E06B00FD95BD /* ColorFillDemo.app */;
			productType = "com.apple.product-type.application";
		};
/* End PBXNativeTarget section */

/* Begin PBXProject section */
		34C033022983E06B00FD95BD /* Project object */ = {
			isa = PBXProject;
			attributes = {
				BuildIndependentTargetsInParallel = 1;
				LastSwiftUpdateCheck = 1420;
				LastUpgradeCheck = 1420;
				TargetAttributes = {
					34C033092983E06B00FD95BD = {
						CreatedOnToolsVersion = 14.2;
					};
				};
			};
			buildConfigurationList = 34C033052983E06B00FD95BD /* Build configuration list for PBXProject "ColorFillDemo" */;
			compatibilityVersion = "Xcode 14.0";
			developmentRegion = en;
			hasScannedForEncodings = 0;
			knownRegions = (
				en,
				Base,
			);
			mainGroup = 34C033012983E06B00FD95BD;
			productRefGroup = 34C0330B2983E06B00FD95BD /* Products */;
			projectDirPath = "";
			projectRoot = "";
			targets = (
				34C033092983E06B00FD95BD /* ColorFillDemo */,
			);
		};
/* End PBXProject section */

/* Begin PBXResourcesBuildPhase section */
		34C033082983E06B00FD95BD /* Resources */ = {
			isa = PBXResourcesBuildPhase;
			buildActionMask = 2147483647;
			files = (
				34C033152983E06B00FD95BD /* Preview Assets.xcassets in Resources */,
				34C033122983E06B00FD95BD /* Assets.xcassets in Resources */,
			);
			runOnlyForDeploymentPostprocessing = 0;
		};
/* End PBXResourcesBuildPhase section */

/* Begin PBXSourcesBuildPhase section */
		34C033062983E06B00FD95BD /* Sources */ = {
			isa = PBXSourcesBuildPhase;
			buildActionMask = 2147483647;
			files = (
				34C033102983E06B00FD95BD /* ContentView.swift in Sources */,
				34C033222983E32C00FD95BD /* DockViewModel.swift in Sources */,
				34C0331C2983E0CA00FD95BD /* DockView.swift in Sources */,
				34C0330E2983E06B00FD95BD /* ColorFillDemoApp.swift in Sources */,
				34C0331F2983E1AC00FD95BD /* ColorObj.swift in Sources */,
			);
			runOnlyForDeploymentPostprocessing = 0;
		};
/* End PBXSourcesBuildPhase section */

/* Begin XCBuildConfiguration section */
		34C033162983E06B00FD95BD /* Debug */ = {
			isa = XCBuildConfiguration;
			buildSettings = {
				ALWAYS_SEARCH_USER_PATHS = NO;
				CLANG_ANALYZER_NONNULL = YES;
				CLANG_ANALYZER_NUMBER_OBJECT_CONVERSION = YES_AGGRESSIVE;
				CLANG_CXX_LANGUAGE_STANDARD = "gnu++20";
				CLANG_ENABLE_MODULES = YES;
				CLANG_ENABLE_OBJC_ARC = YES;
				CLANG_ENABLE_OBJC_WEAK = YES;
				CLANG_WARN_BLOCK_CAPTURE_AUTORELEASING = YES;
				CLANG_WARN_BOOL_CONVERSION = YES;
				CLANG_WARN_COMMA = YES;
				CLANG_WARN_CONSTANT_CONVERSION = YES;
				CLANG_WARN_DEPRECATED_OBJC_IMPLEMENTATIONS = YES;
				CLANG_WARN_DIRECT_OBJC_ISA_USAGE = YES_ERROR;
				CLANG_WARN_DOCUMENTATION_COMMENTS = YES;
				CLANG_WARN_EMPTY_BODY = YES;
				CLANG_WARN_ENUM_CONVERSION = YES;
				CLANG_WARN_INFINITE_RECURSION = YES;
				CLANG_WARN_INT_CONVERSION = YES;
				CLANG_WARN_NON_LITERAL_NULL_CONVERSION = YES;
				CLANG_WARN_OBJC_IMPLICIT_RETAIN_SELF = YES;
				CLANG_WARN_OBJC_LITERAL_CONVERSION = YES;
				CLANG_WARN_OBJC_ROOT_CLASS = YES_ERROR;
				CLANG_WARN_QUOTED_INCLUDE_IN_FRAMEWORK_HEADER = YES;
				CLANG_WARN_RANGE_LOOP_ANALYSIS = YES;
				CLANG_WARN_STRICT_PROTOTYPES = YES;
				CLANG_WARN_SUSPICIOUS_MOVE = YES;
				CLANG_WARN_UNGUARDED_AVAILABILITY = YES_AGGRESSIVE;
				CLANG_WARN_UNREACHABLE_CODE = YES;
				CLANG_WARN__DUPLICATE_METHOD_MATCH = YES;
				COPY_PHASE_STRIP = NO;
				DEBUG_INFORMATION_FORMAT = dwarf;
				ENABLE_STRICT_OBJC_MSGSEND = YES;
				ENABLE_TESTABILITY = YES;
				GCC_C_LANGUAGE_STANDARD = gnu11;
				GCC_DYNAMIC_NO_PIC = NO;
				GCC_NO_COMMON_BLOCKS = YES;
				GCC_OPTIMIZATION_LEVEL = 0;
				GCC_PREPROCESSOR_DEFINITIONS = (
					"DEBUG=1",
					"$(inherited)",
				);
				GCC_WARN_64_TO_32_BIT_CONVERSION = YES;
				GCC_WARN_ABOUT_RETURN_TYPE = YES_ERROR;
				GCC_WARN_UNDECLARED_SELECTOR = YES;
				GCC_WARN_UNINITIALIZED_AUTOS = YES_AGGRESSIVE;
				GCC_WARN_UNUSED_FUNCTION = YES;
				GCC_WARN_UNUSED_VARIABLE = YES;
				IPHONEOS_DEPLOYMENT_TARGET = 16.2;
				MTL_ENABLE_DEBUG_INFO = INCLUDE_SOURCE;
				MTL_FAST_MATH = YES;
				ONLY_ACTIVE_ARCH = YES;
				SDKROOT = iphoneos;
				SWIFT_ACTIVE_COMPILATION_CONDITIONS = DEBUG;
				SWIFT_OPTIMIZATION_LEVEL = "-Onone";
			};
			name = Debug;
		};
		34C033172983E06B00FD95BD /* Release */ = {
			isa = XCBuildConfiguration;
			buildSettings = {
				ALWAYS_SEARCH_USER_PATHS = NO;
				CLANG_ANALYZER_NONNULL = YES;
				CLANG_ANALYZER_NUMBER_OBJECT_CONVERSION = YES_AGGRESSIVE;
				CLANG_CXX_LANGUAGE_STANDARD = "gnu++20";
				CLANG_ENABLE_MODULES = YES;
				CLANG_ENABLE_OBJC_ARC = YES;
				CLANG_ENABLE_OBJC_WEAK = YES;
				CLANG_WARN_BLOCK_CAPTURE_AUTORELEASING = YES;
				CLANG_WARN_BOOL_CONVERSION = YES;
				CLANG_WARN_COMMA = YES;
				CLANG_WARN_CONSTANT_CONVERSION = YES;
				CLANG_WARN_DEPRECATED_OBJC_IMPLEMENTATIONS = YES;
				CLANG_WARN_DIRECT_OBJC_ISA_USAGE = YES_ERROR;
				CLANG_WARN_DOCUMENTATION_COMMENTS = YES;
				CLANG_WARN_EMPTY_BODY = YES;
				CLANG_WARN_ENUM_CONVERSION = YES;
				CLANG_WARN_INFINITE_RECURSION = YES;
				CLANG_WARN_INT_CONVERSION = YES;
				CLANG_WARN_NON_LITERAL_NULL_CONVERSION = YES;
				CLANG_WARN_OBJC_IMPLICIT_RETAIN_SELF = YES;
				CLANG_WARN_OBJC_LITERAL_CONVERSION = YES;
				CLANG_WARN_OBJC_ROOT_CLASS = YES_ERROR;
				CLANG_WARN_QUOTED_INCLUDE_IN_FRAMEWORK_HEADER = YES;
				CLANG_WARN_RANGE_LOOP_ANALYSIS = YES;
				CLANG_WARN_STRICT_PROTOTYPES = YES;
				CLANG_WARN_SUSPICIOUS_MOVE = YES;
				CLANG_WARN_UNGUARDED_AVAILABILITY = YES_AGGRESSIVE;
				CLANG_WARN_UNREACHABLE_CODE = YES;
				CLANG_WARN__DUPLICATE_METHOD_MATCH = YES;
				COPY_PHASE_STRIP = NO;
				DEBUG_INFORMATION_FORMAT = "dwarf-with-dsym";
				ENABLE_NS_ASSERTIONS = NO;
				ENABLE_STRICT_OBJC_MSGSEND = YES;
				GCC_C_LANGUAGE_STANDARD = gnu11;
				GCC_NO_COMMON_BLOCKS = YES;
				GCC_WARN_64_TO_32_BIT_CONVERSION = YES;
				GCC_WARN_ABOUT_RETURN_TYPE = YES_ERROR;
				GCC_WARN_UNDECLARED_SELECTOR = YES;
				GCC_WARN_UNINITIALIZED_AUTOS = YES_AGGRESSIVE;
				GCC_WARN_UNUSED_FUNCTION = YES;
				GCC_WARN_UNUSED_VARIABLE = YES;
				IPHONEOS_DEPLOYMENT_TARGET = 16.2;
				MTL_ENABLE_DEBUG_INFO = NO;
				MTL_FAST_MATH = YES;
				SDKROOT = iphoneos;
				SWIFT_COMPILATION_MODE = wholemodule;
				SWIFT_OPTIMIZATION_LEVEL = "-O";
				VALIDATE_PRODUCT = YES;
			};
			name = Release;
		};
		34C033192983E06B00FD95BD /* Debug */ = {
			isa = XCBuildConfiguration;
			buildSettings = {
				ASSETCATALOG_COMPILER_APPICON_NAME = AppIcon;
				ASSETCATALOG_COMPILER_GLOBAL_ACCENT_COLOR_NAME = AccentColor;
				CODE_SIGN_STYLE = Automatic;
				CURRENT_PROJECT_VERSION = 1;
				DEVELOPMENT_ASSET_PATHS = "\"ColorFillDemo/Preview Content\"";
				DEVELOPMENT_TEAM = CMJ553K76W;
				ENABLE_PREVIEWS = YES;
				GENERATE_INFOPLIST_FILE = YES;
				INFOPLIST_KEY_UIApplicationSceneManifest_Generation = YES;
				INFOPLIST_KEY_UIApplicationSupportsIndirectInputEvents = YES;
				INFOPLIST_KEY_UILaunchScreen_Generation = YES;
				INFOPLIST_KEY_UISupportedInterfaceOrientations_iPad = "UIInterfaceOrientationPortrait UIInterfaceOrientationPortraitUpsideDown UIInterfaceOrientationLandscapeLeft UIInterfaceOrientationLandscapeRight";
				INFOPLIST_KEY_UISupportedInterfaceOrientations_iPhone = "UIInterfaceOrientationPortrait UIInterfaceOrientationLandscapeLeft UIInterfaceOrientationLandscapeRight";
				LD_RUNPATH_SEARCH_PATHS = (
					"$(inherited)",
					"@executable_path/Frameworks",
				);
				MARKETING_VERSION = 1.0;
				PRODUCT_BUNDLE_IDENTIFIER = ga.bartminski.ColorFillDemo;
				PRODUCT_NAME = "$(TARGET_NAME)";
				SWIFT_EMIT_LOC_STRINGS = YES;
				SWIFT_VERSION = 5.0;
				TARGETED_DEVICE_FAMILY = "1,2";
			};
			name = Debug;
		};
		34C0331A2983E06B00FD95BD /* Release */ = {
			isa = XCBuildConfiguration;
			buildSettings = {
				ASSETCATALOG_COMPILER_APPICON_NAME = AppIcon;
				ASSETCATALOG_COMPILER_GLOBAL_ACCENT_COLOR_NAME = AccentColor;
				CODE_SIGN_STYLE = Automatic;
				CURRENT_PROJECT_VERSION = 1;
				DEVELOPMENT_ASSET_PATHS = "\"ColorFillDemo/Preview Content\"";
				DEVELOPMENT_TEAM = CMJ553K76W;
				ENABLE_PREVIEWS = YES;
				GENERATE_INFOPLIST_FILE = YES;
				INFOPLIST_KEY_UIApplicationSceneManifest_Generation = YES;
				INFOPLIST_KEY_UIApplicationSupportsIndirectInputEvents = YES;
				INFOPLIST_KEY_UILaunchScreen_Generation = YES;
				INFOPLIST_KEY_UISupportedInterfaceOrientations_iPad = "UIInterfaceOrientationPortrait UIInterfaceOrientationPortraitUpsideDown UIInterfaceOrientationLandscapeLeft UIInterfaceOrientationLandscapeRight";
				INFOPLIST_KEY_UISupportedInterfaceOrientations_iPhone = "UIInterfaceOrientationPortrait UIInterfaceOrientationLandscapeLeft UIInterfaceOrientationLandscapeRight";
				LD_RUNPATH_SEARCH_PATHS = (
					"$(inherited)",
					"@executable_path/Frameworks",
				);
				MARKETING_VERSION = 1.0;
				PRODUCT_BUNDLE_IDENTIFIER = ga.bartminski.ColorFillDemo;
				PRODUCT_NAME = "$(TARGET_NAME)";
				SWIFT_EMIT_LOC_STRINGS = YES;
				SWIFT_VERSION = 5.0;
				TARGETED_DEVICE_FAMILY = "1,2";
			};
			name = Release;
		};
/* End XCBuildConfiguration section */

/* Begin XCConfigurationList section */
		34C033052983E06B00FD95BD /* Build configuration list for PBXProject "ColorFillDemo" */ = {
			isa = XCConfigurationList;
			buildConfigurations = (
				34C033162983E06B00FD95BD /* Debug */,
				34C033172983E06B00FD95BD /* Release */,
			);
			defaultConfigurationIsVisible = 0;
			defaultConfigurationName = Release;
		};
		34C033182983E06B00FD95BD /* Build configuration list for PBXNativeTarget "ColorFillDemo" */ = {
			isa = XCConfigurationList;
			buildConfigurations = (
				34C033192983E06B00FD95BD /* Debug */,
				34C0331A2983E06B00FD95BD /* Release */,
			);
			defaultConfigurationIsVisible = 0;
			defaultConfigurationName = Release;
		};
/* End XCConfigurationList section */
	};
	rootObject = 34C033022983E06B00FD95BD /* Project object */;
}
